{
  "name": "claude-mcp-cli",
  "version": "1.0.0",
  "lockfileVersion": 3,
  "requires": true,
  "packages": {
    "": {
      "name": "claude-mcp-cli",
      "version": "1.0.0",
      "license": "MIT",
      "dependencies": {
        "@inquirer/prompts": "^7.2.0",
        "chalk": "^5.3.0",
        "commander": "^12.1.0",
        "fs-extra": "^11.2.0"
      },
      "bin": {
        "claude-mcp": "bin/claude-mcp.js"
      },
      "devDependencies": {
        "@types/fs-extra": "^11.0.4",
        "@types/node": "^22.10.2",
        "typescript": "^5.7.2"
      }
    },
    "node_modules/@inquirer/ansi": {
      "version": "1.0.2",
      "resolved": "https://pkgs.dev.azure.com/tdx-eng/teamdynamix/_packaging/teamdynamix/npm/registry/@inquirer/ansi/-/ansi-1.0.2.tgz",
      "integrity": "sha1-Z0pMTYGtRgaVyyofxp14zRh/M34=",
      "license": "MIT",
      "engines": {
        "node": ">=18"
      }
    },
    "node_modules/@inquirer/checkbox": {
      "version": "4.3.2",
      "resolved": "https://pkgs.dev.azure.com/tdx-eng/teamdynamix/_packaging/teamdynamix/npm/registry/@inquirer/checkbox/-/checkbox-4.3.2.tgz",
      "integrity": "sha1-4Ug+ZRnW/++XKBpU0qW6oNgbPzs=",
      "license": "MIT",
      "dependencies": {
        "@inquirer/ansi": "^1.0.2",
        "@inquirer/core": "^10.3.2",
        "@inquirer/figures": "^1.0.15",
        "@inquirer/type": "^3.0.10",
        "yoctocolors-cjs": "^2.1.3"
      },
      "engines": {
        "node": ">=18"
      },
      "peerDependencies": {
        "@types/node": ">=18"
      },
      "peerDependenciesMeta": {
        "@types/node": {
          "optional": true
        }
      }
    },
    "node_modules/@inquirer/confirm": {
      "version": "5.1.21",
      "resolved": "https://pkgs.dev.azure.com/tdx-eng/teamdynamix/_packaging/teamdynamix/npm/registry/@inquirer/confirm/-/confirm-5.1.21.tgz",
      "integrity": "sha1-YQxKzXeX2UiQpuLd4smOseiR3RI=",
      "license": "MIT",
      "dependencies": {
        "@inquirer/core": "^10.3.2",
        "@inquirer/type": "^3.0.10"
      },
      "engines": {
        "node": ">=18"
      },
      "peerDependencies": {
        "@types/node": ">=18"
      },
      "peerDependenciesMeta": {
        "@types/node": {
          "optional": true
        }
      }
    },
    "node_modules/@inquirer/core": {
      "version": "10.3.2",
      "resolved": "https://pkgs.dev.azure.com/tdx-eng/teamdynamix/_packaging/teamdynamix/npm/registry/@inquirer/core/-/core-10.3.2.tgz",
      "integrity": "sha1-U1l5/z/0/h58xPg+IyBQTHQ7fiA=",
      "license": "MIT",
      "dependencies": {
        "@inquirer/ansi": "^1.0.2",
        "@inquirer/figures": "^1.0.15",
        "@inquirer/type": "^3.0.10",
        "cli-width": "^4.1.0",
        "mute-stream": "^2.0.0",
        "signal-exit": "^4.1.0",
        "wrap-ansi": "^6.2.0",
        "yoctocolors-cjs": "^2.1.3"
      },
      "engines": {
        "node": ">=18"
      },
      "peerDependencies": {
        "@types/node": ">=18"
      },
      "peerDependenciesMeta": {
        "@types/node": {
          "optional": true
        }
      }
    },
    "node_modules/@inquirer/editor": {
      "version": "4.2.23",
      "resolved": "https://pkgs.dev.azure.com/tdx-eng/teamdynamix/_packaging/teamdynamix/npm/registry/@inquirer/editor/-/editor-4.2.23.tgz",
      "integrity": "sha1-/gRqO/2ukxJi3pjBBSQ315QyLgs=",
      "license": "MIT",
      "dependencies": {
        "@inquirer/core": "^10.3.2",
        "@inquirer/external-editor": "^1.0.3",
        "@inquirer/type": "^3.0.10"
      },
      "engines": {
        "node": ">=18"
      },
      "peerDependencies": {
        "@types/node": ">=18"
      },
      "peerDependenciesMeta": {
        "@types/node": {
          "optional": true
        }
      }
    },
    "node_modules/@inquirer/expand": {
      "version": "4.0.23",
      "resolved": "https://pkgs.dev.azure.com/tdx-eng/teamdynamix/_packaging/teamdynamix/npm/registry/@inquirer/expand/-/expand-4.0.23.tgz",
      "integrity": "sha1-o4tfMiJtdXF8Nwvf7XkjE7kr3AU=",
      "license": "MIT",
      "dependencies": {
        "@inquirer/core": "^10.3.2",
        "@inquirer/type": "^3.0.10",
        "yoctocolors-cjs": "^2.1.3"
      },
      "engines": {
        "node": ">=18"
      },
      "peerDependencies": {
        "@types/node": ">=18"
      },
      "peerDependenciesMeta": {
        "@types/node": {
          "optional": true
        }
      }
    },
    "node_modules/@inquirer/external-editor": {
      "version": "1.0.3",
      "resolved": "https://pkgs.dev.azure.com/tdx-eng/teamdynamix/_packaging/teamdynamix/npm/registry/@inquirer/external-editor/-/external-editor-1.0.3.tgz",
      "integrity": "sha1-wjmIKR7mdikP2rP9MG5kAQptE7g=",
      "license": "MIT",
      "dependencies": {
        "chardet": "^2.1.1",
        "iconv-lite": "^0.7.0"
      },
      "engines": {
        "node": ">=18"
      },
      "peerDependencies": {
        "@types/node": ">=18"
      },
      "peerDependenciesMeta": {
        "@types/node": {
          "optional": true
        }
      }
    },
    "node_modules/@inquirer/figures": {
      "version": "1.0.15",
      "resolved": "https://pkgs.dev.azure.com/tdx-eng/teamdynamix/_packaging/teamdynamix/npm/registry/@inquirer/figures/-/figures-1.0.15.tgz",
      "integrity": "sha1-27Se2A3xHfdCaAI7SWrF2azSKzo=",
      "license": "MIT",
      "engines": {
        "node": ">=18"
      }
    },
    "node_modules/@inquirer/input": {
      "version": "4.3.1",
      "resolved": "https://pkgs.dev.azure.com/tdx-eng/teamdynamix/_packaging/teamdynamix/npm/registry/@inquirer/input/-/input-4.3.1.tgz",
      "integrity": "sha1-d4aDtMTE2V0F1LBcSoVJZLc1ZbQ=",
      "license": "MIT",
      "dependencies": {
        "@inquirer/core": "^10.3.2",
        "@inquirer/type": "^3.0.10"
      },
      "engines": {
        "node": ">=18"
      },
      "peerDependencies": {
        "@types/node": ">=18"
      },
      "peerDependenciesMeta": {
        "@types/node": {
          "optional": true
        }
      }
    },
    "node_modules/@inquirer/number": {
      "version": "3.0.23",
      "resolved": "https://pkgs.dev.azure.com/tdx-eng/teamdynamix/_packaging/teamdynamix/npm/registry/@inquirer/number/-/number-3.0.23.tgz",
      "integrity": "sha1-P97CVA1kIJP9dSaBj9jUvcczUJQ=",
      "license": "MIT",
      "dependencies": {
        "@inquirer/core": "^10.3.2",
        "@inquirer/type": "^3.0.10"
      },
      "engines": {
        "node": ">=18"
      },
      "peerDependencies": {
        "@types/node": ">=18"
      },
      "peerDependenciesMeta": {
        "@types/node": {
          "optional": true
        }
      }
    },
    "node_modules/@inquirer/password": {
      "version": "4.0.23",
      "resolved": "https://pkgs.dev.azure.com/tdx-eng/teamdynamix/_packaging/teamdynamix/npm/registry/@inquirer/password/-/password-4.0.23.tgz",
      "integrity": "sha1-ufUYfIyS/Xqp7Oudjy6tDX57AA0=",
      "license": "MIT",
      "dependencies": {
        "@inquirer/ansi": "^1.0.2",
        "@inquirer/core": "^10.3.2",
        "@inquirer/type": "^3.0.10"
      },
      "engines": {
        "node": ">=18"
      },
      "peerDependencies": {
        "@types/node": ">=18"
      },
      "peerDependenciesMeta": {
        "@types/node": {
          "optional": true
        }
      }
    },
    "node_modules/@inquirer/prompts": {
      "version": "7.10.1",
      "resolved": "https://pkgs.dev.azure.com/tdx-eng/teamdynamix/_packaging/teamdynamix/npm/registry/@inquirer/prompts/-/prompts-7.10.1.tgz",
      "integrity": "sha1-4UNsBITPBMIlSMdOLNI56YnV+Ec=",
      "license": "MIT",
      "dependencies": {
        "@inquirer/checkbox": "^4.3.2",
        "@inquirer/confirm": "^5.1.21",
        "@inquirer/editor": "^4.2.23",
        "@inquirer/expand": "^4.0.23",
        "@inquirer/input": "^4.3.1",
        "@inquirer/number": "^3.0.23",
        "@inquirer/password": "^4.0.23",
        "@inquirer/rawlist": "^4.1.11",
        "@inquirer/search": "^3.2.2",
        "@inquirer/select": "^4.4.2"
      },
      "engines": {
        "node": ">=18"
      },
      "peerDependencies": {
        "@types/node": ">=18"
      },
      "peerDependenciesMeta": {
        "@types/node": {
          "optional": true
        }
      }
    },
    "node_modules/@inquirer/rawlist": {
      "version": "4.1.11",
      "resolved": "https://pkgs.dev.azure.com/tdx-eng/teamdynamix/_packaging/teamdynamix/npm/registry/@inquirer/rawlist/-/rawlist-4.1.11.tgz",
      "integrity": "sha1-MTyMP/zLfUHpkMYGRlcmtKiYoDM=",
      "license": "MIT",
      "dependencies": {
        "@inquirer/core": "^10.3.2",
        "@inquirer/type": "^3.0.10",
        "yoctocolors-cjs": "^2.1.3"
      },
      "engines": {
        "node": ">=18"
      },
      "peerDependencies": {
        "@types/node": ">=18"
      },
      "peerDependenciesMeta": {
        "@types/node": {
          "optional": true
        }
      }
    },
    "node_modules/@inquirer/search": {
      "version": "3.2.2",
      "resolved": "https://pkgs.dev.azure.com/tdx-eng/teamdynamix/_packaging/teamdynamix/npm/registry/@inquirer/search/-/search-3.2.2.tgz",
      "integrity": "sha1-TMb9V03NQ05DmbrcN8dCw/1TSsg=",
      "license": "MIT",
      "dependencies": {
        "@inquirer/core": "^10.3.2",
        "@inquirer/figures": "^1.0.15",
        "@inquirer/type": "^3.0.10",
        "yoctocolors-cjs": "^2.1.3"
      },
      "engines": {
        "node": ">=18"
      },
      "peerDependencies": {
        "@types/node": ">=18"
      },
      "peerDependenciesMeta": {
        "@types/node": {
          "optional": true
        }
      }
    },
    "node_modules/@inquirer/select": {
      "version": "4.4.2",
      "resolved": "https://pkgs.dev.azure.com/tdx-eng/teamdynamix/_packaging/teamdynamix/npm/registry/@inquirer/select/-/select-4.4.2.tgz",
      "integrity": "sha1-Ksj8qWCRPxjx0bNTI+2PzSfYkyM=",
      "license": "MIT",
      "dependencies": {
        "@inquirer/ansi": "^1.0.2",
        "@inquirer/core": "^10.3.2",
        "@inquirer/figures": "^1.0.15",
        "@inquirer/type": "^3.0.10",
        "yoctocolors-cjs": "^2.1.3"
      },
      "engines": {
        "node": ">=18"
      },
      "peerDependencies": {
        "@types/node": ">=18"
      },
      "peerDependenciesMeta": {
        "@types/node": {
          "optional": true
        }
      }
    },
    "node_modules/@inquirer/type": {
      "version": "3.0.10",
      "resolved": "https://pkgs.dev.azure.com/tdx-eng/teamdynamix/_packaging/teamdynamix/npm/registry/@inquirer/type/-/type-3.0.10.tgz",
      "integrity": "sha1-Ee1WTseEMqIA6iYBohLSSvgVDVA=",
      "license": "MIT",
      "engines": {
        "node": ">=18"
      },
      "peerDependencies": {
        "@types/node": ">=18"
      },
      "peerDependenciesMeta": {
        "@types/node": {
          "optional": true
        }
      }
    },
    "node_modules/@types/fs-extra": {
      "version": "11.0.4",
      "resolved": "https://pkgs.dev.azure.com/tdx-eng/teamdynamix/_packaging/teamdynamix/npm/registry/@types/fs-extra/-/fs-extra-11.0.4.tgz",
      "integrity": "sha1-4WqGO7iEP7qMUAQ2K1pz4XvsykU=",
      "dev": true,
      "license": "MIT",
      "dependencies": {
        "@types/jsonfile": "*",
        "@types/node": "*"
      }
    },
    "node_modules/@types/jsonfile": {
      "version": "6.1.4",
      "resolved": "https://pkgs.dev.azure.com/tdx-eng/teamdynamix/_packaging/teamdynamix/npm/registry/@types/jsonfile/-/jsonfile-6.1.4.tgz",
      "integrity": "sha1-YUr+waEWTn1nC0p61k3z5763twI=",
      "dev": true,
      "license": "MIT",
      "dependencies": {
        "@types/node": "*"
      }
    },
    "node_modules/@types/node": {
      "version": "22.19.3",
      "resolved": "https://pkgs.dev.azure.com/tdx-eng/teamdynamix/_packaging/teamdynamix/npm/registry/@types/node/-/node-22.19.3.tgz",
      "integrity": "sha1-jf3nYw16hSjcmzTbI9NPdkRnwCw=",
      "devOptional": true,
      "license": "MIT",
      "dependencies": {
        "undici-types": "~6.21.0"
      }
    },
    "node_modules/ansi-regex": {
      "version": "5.0.1",
      "resolved": "https://pkgs.dev.azure.com/tdx-eng/teamdynamix/_packaging/teamdynamix/npm/registry/ansi-regex/-/ansi-regex-5.0.1.tgz",
      "integrity": "sha1-CCyyyJyf6GWaMRpTvWpNxTAdswQ=",
      "license": "MIT",
      "engines": {
        "node": ">=8"
      }
    },
    "node_modules/ansi-styles": {
      "version": "4.3.0",
      "resolved": "https://pkgs.dev.azure.com/tdx-eng/teamdynamix/_packaging/teamdynamix/npm/registry/ansi-styles/-/ansi-styles-4.3.0.tgz",
      "integrity": "sha1-7dgDYornHATIWuegkG7a00tkiTc=",
      "license": "MIT",
      "dependencies": {
        "color-convert": "^2.0.1"
      },
      "engines": {
        "node": ">=8"
      },
      "funding": {
        "url": "https://github.com/chalk/ansi-styles?sponsor=1"
      }
    },
    "node_modules/chalk": {
      "version": "5.6.2",
      "resolved": "https://pkgs.dev.azure.com/tdx-eng/teamdynamix/_packaging/teamdynamix/npm/registry/chalk/-/chalk-5.6.2.tgz",
      "integrity": "sha1-sSOLbiPqM3r3HH+KKV21rwwViuo=",
      "license": "MIT",
      "engines": {
        "node": "^12.17.0 || ^14.13 || >=16.0.0"
      },
      "funding": {
        "url": "https://github.com/chalk/chalk?sponsor=1"
      }
    },
    "node_modules/chardet": {
      "version": "2.1.1",
      "resolved": "https://pkgs.dev.azure.com/tdx-eng/teamdynamix/_packaging/teamdynamix/npm/registry/chardet/-/chardet-2.1.1.tgz",
      "integrity": "sha1-XHVZNwSmQvce5TcX3yNAMeZTc8g=",
      "license": "MIT"
    },
    "node_modules/cli-width": {
      "version": "4.1.0",
      "resolved": "https://pkgs.dev.azure.com/tdx-eng/teamdynamix/_packaging/teamdynamix/npm/registry/cli-width/-/cli-width-4.1.0.tgz",
      "integrity": "sha1-QtqsQdPCVO84rYrAN2chMBc2kcU=",
      "license": "ISC",
      "engines": {
        "node": ">= 12"
      }
    },
    "node_modules/color-convert": {
      "version": "2.0.1",
      "resolved": "https://pkgs.dev.azure.com/tdx-eng/teamdynamix/_packaging/teamdynamix/npm/registry/color-convert/-/color-convert-2.0.1.tgz",
      "integrity": "sha1-ctOmjVmMm9s68q0ehPIdiWq9TeM=",
      "license": "MIT",
      "dependencies": {
        "color-name": "~1.1.4"
      },
      "engines": {
        "node": ">=7.0.0"
      }
    },
    "node_modules/color-name": {
      "version": "1.1.4",
      "resolved": "https://pkgs.dev.azure.com/tdx-eng/teamdynamix/_packaging/teamdynamix/npm/registry/color-name/-/color-name-1.1.4.tgz",
      "integrity": "sha1-wqCah6y95pVD3m9j+jmVyCbFNqI=",
      "license": "MIT"
    },
    "node_modules/commander": {
      "version": "12.1.0",
      "resolved": "https://pkgs.dev.azure.com/tdx-eng/teamdynamix/_packaging/teamdynamix/npm/registry/commander/-/commander-12.1.0.tgz",
      "integrity": "sha1-AUI7NvUBJZ/arE0OTWDJbJkVhdM=",
      "license": "MIT",
      "engines": {
        "node": ">=18"
      }
    },
    "node_modules/emoji-regex": {
      "version": "8.0.0",
      "resolved": "https://pkgs.dev.azure.com/tdx-eng/teamdynamix/_packaging/teamdynamix/npm/registry/emoji-regex/-/emoji-regex-8.0.0.tgz",
      "integrity": "sha1-6Bj9ac5cz8tARZT4QpY79TFkzDc=",
      "license": "MIT"
    },
    "node_modules/fs-extra": {
      "version": "11.3.3",
      "resolved": "https://pkgs.dev.azure.com/tdx-eng/teamdynamix/_packaging/teamdynamix/npm/registry/fs-extra/-/fs-extra-11.3.3.tgz",
      "integrity": "sha1-on2iO3JSToGsbDgVzAF5uMdMWe4=",
      "license": "MIT",
      "dependencies": {
        "graceful-fs": "^4.2.0",
        "jsonfile": "^6.0.1",
        "universalify": "^2.0.0"
      },
      "engines": {
        "node": ">=14.14"
      }
    },
    "node_modules/graceful-fs": {
      "version": "4.2.11",
      "resolved": "https://pkgs.dev.azure.com/tdx-eng/teamdynamix/_packaging/teamdynamix/npm/registry/graceful-fs/-/graceful-fs-4.2.11.tgz",
      "integrity": "sha1-QYPk6L8Iu24Fu7L30uDI9xLKQOM=",
      "license": "ISC"
    },
    "node_modules/iconv-lite": {
      "version": "0.7.1",
      "resolved": "https://pkgs.dev.azure.com/tdx-eng/teamdynamix/_packaging/teamdynamix/npm/registry/iconv-lite/-/iconv-lite-0.7.1.tgz",
      "integrity": "sha1-1K8dIJLyuwWqtiluXnzShtLxVDI=",
      "license": "MIT",
      "dependencies": {
        "safer-buffer": ">= 2.1.2 < 3.0.0"
      },
      "engines": {
        "node": ">=0.10.0"
      },
      "funding": {
        "type": "opencollective",
        "url": "https://opencollective.com/express"
      }
    },
    "node_modules/is-fullwidth-code-point": {
      "version": "3.0.0",
      "resolved": "https://pkgs.dev.azure.com/tdx-eng/teamdynamix/_packaging/teamdynamix/npm/registry/is-fullwidth-code-point/-/is-fullwidth-code-point-3.0.0.tgz",
      "integrity": "sha1-8Rb4Bk/pCz94RKOJl8C3UFEmnx0=",
      "license": "MIT",
      "engines": {
        "node": ">=8"
      }
    },
    "node_modules/jsonfile": {
      "version": "6.2.0",
      "resolved": "https://pkgs.dev.azure.com/tdx-eng/teamdynamix/_packaging/teamdynamix/npm/registry/jsonfile/-/jsonfile-6.2.0.tgz",
      "integrity": "sha1-fCZb0bZd5pd0eDAAh8mfHIQ4P2I=",
      "license": "MIT",
      "dependencies": {
        "universalify": "^2.0.0"
      },
      "optionalDependencies": {
        "graceful-fs": "^4.1.6"
      }
    },
    "node_modules/mute-stream": {
      "version": "2.0.0",
      "resolved": "https://pkgs.dev.azure.com/tdx-eng/teamdynamix/_packaging/teamdynamix/npm/registry/mute-stream/-/mute-stream-2.0.0.tgz",
      "integrity": "sha1-pURvwMUStxyDxE2QjVx7e0xJOys=",
      "license": "ISC",
      "engines": {
        "node": "^18.17.0 || >=20.5.0"
      }
    },
    "node_modules/safer-buffer": {
      "version": "2.1.2",
      "resolved": "https://pkgs.dev.azure.com/tdx-eng/teamdynamix/_packaging/teamdynamix/npm/registry/safer-buffer/-/safer-buffer-2.1.2.tgz",
      "integrity": "sha1-RPoWGwGHuVSd2Eu5GAL5vYOFzWo=",
      "license": "MIT"
    },
    "node_modules/signal-exit": {
      "version": "4.1.0",
      "resolved": "https://pkgs.dev.azure.com/tdx-eng/teamdynamix/_packaging/teamdynamix/npm/registry/signal-exit/-/signal-exit-4.1.0.tgz",
      "integrity": "sha1-lSGIwcvVRgcOLdIND0HArgUwywQ=",
      "license": "ISC",
      "engines": {
        "node": ">=14"
      },
      "funding": {
        "url": "https://github.com/sponsors/isaacs"
      }
    },
    "node_modules/string-width": {
      "version": "4.2.3",
      "resolved": "https://pkgs.dev.azure.com/tdx-eng/teamdynamix/_packaging/teamdynamix/npm/registry/string-width/-/string-width-4.2.3.tgz",
      "integrity": "sha1-JpxxF9J7Ba0uU2gwqOyJXvnG0BA=",
      "license": "MIT",
      "dependencies": {
        "emoji-regex": "^8.0.0",
        "is-fullwidth-code-point": "^3.0.0",
        "strip-ansi": "^6.0.1"
      },
      "engines": {
        "node": ">=8"
      }
    },
    "node_modules/strip-ansi": {
      "version": "6.0.1",
      "resolved": "https://pkgs.dev.azure.com/tdx-eng/teamdynamix/_packaging/teamdynamix/npm/registry/strip-ansi/-/strip-ansi-6.0.1.tgz",
      "integrity": "sha1-nibGPTD1NEPpSJSVshBdN7Z6hdk=",
      "license": "MIT",
      "dependencies": {
        "ansi-regex": "^5.0.1"
      },
      "engines": {
        "node": ">=8"
      }
    },
    "node_modules/typescript": {
      "version": "5.9.3",
      "resolved": "https://pkgs.dev.azure.com/tdx-eng/teamdynamix/_packaging/teamdynamix/npm/registry/typescript/-/typescript-5.9.3.tgz",
      "integrity": "sha1-W09Z4VMQqxeiFvXWz1PuR27eZw8=",
      "dev": true,
      "license": "Apache-2.0",
      "bin": {
        "tsc": "bin/tsc",
        "tsserver": "bin/tsserver"
      },
      "engines": {
        "node": ">=14.17"
      }
    },
    "node_modules/undici-types": {
      "version": "6.21.0",
      "resolved": "https://pkgs.dev.azure.com/tdx-eng/teamdynamix/_packaging/teamdynamix/npm/registry/undici-types/-/undici-types-6.21.0.tgz",
      "integrity": "sha1-aR0ArzkJvpOn+qE75hs6W1DvEss=",
      "devOptional": true,
      "license": "MIT"
    },
    "node_modules/universalify": {
      "version": "2.0.1",
      "resolved": "https://pkgs.dev.azure.com/tdx-eng/teamdynamix/_packaging/teamdynamix/npm/registry/universalify/-/universalify-2.0.1.tgz",
      "integrity": "sha1-Fo78IYCWTmOG0GHglN9hr+I5sY0=",
      "license": "MIT",
      "engines": {
        "node": ">= 10.0.0"
      }
    },
    "node_modules/wrap-ansi": {
      "version": "6.2.0",
      "resolved": "https://pkgs.dev.azure.com/tdx-eng/teamdynamix/_packaging/teamdynamix/npm/registry/wrap-ansi/-/wrap-ansi-6.2.0.tgz",
      "integrity": "sha1-6Tk7oHEC5skaOyIUePAlfNKFblM=",
      "license": "MIT",
      "dependencies": {
        "ansi-styles": "^4.0.0",
        "string-width": "^4.1.0",
        "strip-ansi": "^6.0.0"
      },
      "engines": {
        "node": ">=8"
      }
    },
    "node_modules/yoctocolors-cjs": {
      "version": "2.1.3",
      "resolved": "https://pkgs.dev.azure.com/tdx-eng/teamdynamix/_packaging/teamdynamix/npm/registry/yoctocolors-cjs/-/yoctocolors-cjs-2.1.3.tgz",
      "integrity": "sha1-fklk6o7EIrekCskX06NEz9IwS6o=",
      "license": "MIT",
      "engines": {
        "node": ">=18"
      },
      "funding": {
        "url": "https://github.com/sponsors/sindresorhus"
      }
    }
  }
}
